// !$*UTF8*$!
{
	archiveVersion = 1;
	classes = {
	};
	objectVersion = 50;
	objects = {

/* Begin PBXBuildFile section */
		24B050F1217ACDC500F99F35 /* AppDelegate.swift in Sources */ = {isa = PBXBuildFile; fileRef = 24B050F0217ACDC500F99F35 /* AppDelegate.swift */; };
		24B050F6217ACDC500F99F35 /* Main.storyboard in Resources */ = {isa = PBXBuildFile; fileRef = 24B050F4217ACDC500F99F35 /* Main.storyboard */; };
		24B050F8217ACDC600F99F35 /* Assets.xcassets in Resources */ = {isa = PBXBuildFile; fileRef = 24B050F7217ACDC600F99F35 /* Assets.xcassets */; };
		24B050FB217ACDC600F99F35 /* LaunchScreen.storyboard in Resources */ = {isa = PBXBuildFile; fileRef = 24B050F9217ACDC600F99F35 /* LaunchScreen.storyboard */; };
		24B05106217AD24500F99F35 /* MoviesListViewController.swift in Sources */ = {isa = PBXBuildFile; fileRef = 24B05105217AD24500F99F35 /* MoviesListViewController.swift */; };
		24B05109217AD30000F99F35 /* MoviesListPresenter.swift in Sources */ = {isa = PBXBuildFile; fileRef = 24B05108217AD30000F99F35 /* MoviesListPresenter.swift */; };
		24B0510B217AD31800F99F35 /* MoviesListView.swift in Sources */ = {isa = PBXBuildFile; fileRef = 24B0510A217AD31800F99F35 /* MoviesListView.swift */; };
		24B0510E217AD9CB00F99F35 /* Presenter.swift in Sources */ = {isa = PBXBuildFile; fileRef = 24B0510D217AD9CB00F99F35 /* Presenter.swift */; };
		24B05111217ADA6200F99F35 /* NetworkManager.swift in Sources */ = {isa = PBXBuildFile; fileRef = 24B05110217ADA6200F99F35 /* NetworkManager.swift */; };
		24B05114217ADAE800F99F35 /* Settings.swift in Sources */ = {isa = PBXBuildFile; fileRef = 24B05113217ADAE800F99F35 /* Settings.swift */; };
		24B05118217ADE7300F99F35 /* MovieListCell.swift in Sources */ = {isa = PBXBuildFile; fileRef = 24B05116217ADE7300F99F35 /* MovieListCell.swift */; };
		24B05119217ADE7300F99F35 /* MovieListCell.xib in Resources */ = {isa = PBXBuildFile; fileRef = 24B05117217ADE7300F99F35 /* MovieListCell.xib */; };
		24B0511F217AE20D00F99F35 /* Movie.swift in Sources */ = {isa = PBXBuildFile; fileRef = 24B0511E217AE20D00F99F35 /* Movie.swift */; };
		24B05122217AE44700F99F35 /* NSObject+Ext.swift in Sources */ = {isa = PBXBuildFile; fileRef = 24B05121217AE44700F99F35 /* NSObject+Ext.swift */; };
		24B05124217AE49E00F99F35 /* Genre.swift in Sources */ = {isa = PBXBuildFile; fileRef = 24B05123217AE49E00F99F35 /* Genre.swift */; };
		24B05126217AE67200F99F35 /* MovieNetwork.swift in Sources */ = {isa = PBXBuildFile; fileRef = 24B05125217AE67200F99F35 /* MovieNetwork.swift */; };
		24B05128217AE6DA00F99F35 /* GenreNetwork.swift in Sources */ = {isa = PBXBuildFile; fileRef = 24B05127217AE6DA00F99F35 /* GenreNetwork.swift */; };
		5588DC2A133716776374B5C2 /* Pods_Movies.framework in Frameworks */ = {isa = PBXBuildFile; fileRef = A27D31A4CDD8434A089C8EF6 /* Pods_Movies.framework */; };
/* End PBXBuildFile section */

/* Begin PBXFileReference section */
		24B050ED217ACDC500F99F35 /* Movies.app */ = {isa = PBXFileReference; explicitFileType = wrapper.application; includeInIndex = 0; path = Movies.app; sourceTree = BUILT_PRODUCTS_DIR; };
		24B050F0217ACDC500F99F35 /* AppDelegate.swift */ = {isa = PBXFileReference; lastKnownFileType = sourcecode.swift; path = AppDelegate.swift; sourceTree = "<group>"; };
		24B050F5217ACDC500F99F35 /* Base */ = {isa = PBXFileReference; lastKnownFileType = file.storyboard; name = Base; path = Base.lproj/Main.storyboard; sourceTree = "<group>"; };
		24B050F7217ACDC600F99F35 /* Assets.xcassets */ = {isa = PBXFileReference; lastKnownFileType = folder.assetcatalog; path = Assets.xcassets; sourceTree = "<group>"; };
		24B050FA217ACDC600F99F35 /* Base */ = {isa = PBXFileReference; lastKnownFileType = file.storyboard; name = Base; path = Base.lproj/LaunchScreen.storyboard; sourceTree = "<group>"; };
		24B050FC217ACDC600F99F35 /* Info.plist */ = {isa = PBXFileReference; lastKnownFileType = text.plist.xml; path = Info.plist; sourceTree = "<group>"; };
		24B05105217AD24500F99F35 /* MoviesListViewController.swift */ = {isa = PBXFileReference; lastKnownFileType = sourcecode.swift; path = MoviesListViewController.swift; sourceTree = "<group>"; };
		24B05108217AD30000F99F35 /* MoviesListPresenter.swift */ = {isa = PBXFileReference; lastKnownFileType = sourcecode.swift; path = MoviesListPresenter.swift; sourceTree = "<group>"; };
		24B0510A217AD31800F99F35 /* MoviesListView.swift */ = {isa = PBXFileReference; lastKnownFileType = sourcecode.swift; path = MoviesListView.swift; sourceTree = "<group>"; };
		24B0510D217AD9CB00F99F35 /* Presenter.swift */ = {isa = PBXFileReference; lastKnownFileType = sourcecode.swift; path = Presenter.swift; sourceTree = "<group>"; };
		24B05110217ADA6200F99F35 /* NetworkManager.swift */ = {isa = PBXFileReference; lastKnownFileType = sourcecode.swift; path = NetworkManager.swift; sourceTree = "<group>"; };
		24B05113217ADAE800F99F35 /* Settings.swift */ = {isa = PBXFileReference; lastKnownFileType = sourcecode.swift; path = Settings.swift; sourceTree = "<group>"; };
		24B05116217ADE7300F99F35 /* MovieListCell.swift */ = {isa = PBXFileReference; lastKnownFileType = sourcecode.swift; path = MovieListCell.swift; sourceTree = "<group>"; };
		24B05117217ADE7300F99F35 /* MovieListCell.xib */ = {isa = PBXFileReference; lastKnownFileType = file.xib; path = MovieListCell.xib; sourceTree = "<group>"; };
		24B0511E217AE20D00F99F35 /* Movie.swift */ = {isa = PBXFileReference; lastKnownFileType = sourcecode.swift; path = Movie.swift; sourceTree = "<group>"; };
		24B05121217AE44700F99F35 /* NSObject+Ext.swift */ = {isa = PBXFileReference; lastKnownFileType = sourcecode.swift; path = "NSObject+Ext.swift"; sourceTree = "<group>"; };
		24B05123217AE49E00F99F35 /* Genre.swift */ = {isa = PBXFileReference; lastKnownFileType = sourcecode.swift; path = Genre.swift; sourceTree = "<group>"; };
		24B05125217AE67200F99F35 /* MovieNetwork.swift */ = {isa = PBXFileReference; lastKnownFileType = sourcecode.swift; path = MovieNetwork.swift; sourceTree = "<group>"; };
		24B05127217AE6DA00F99F35 /* GenreNetwork.swift */ = {isa = PBXFileReference; lastKnownFileType = sourcecode.swift; path = GenreNetwork.swift; sourceTree = "<group>"; };
		2E37E5A0176ADE243448E683 /* Pods-Movies.debug.xcconfig */ = {isa = PBXFileReference; includeInIndex = 1; lastKnownFileType = text.xcconfig; name = "Pods-Movies.debug.xcconfig"; path = "Pods/Target Support Files/Pods-Movies/Pods-Movies.debug.xcconfig"; sourceTree = "<group>"; };
		A27D31A4CDD8434A089C8EF6 /* Pods_Movies.framework */ = {isa = PBXFileReference; explicitFileType = wrapper.framework; includeInIndex = 0; path = Pods_Movies.framework; sourceTree = BUILT_PRODUCTS_DIR; };
		D6C05BD89B4801BA0D359076 /* Pods-Movies.release.xcconfig */ = {isa = PBXFileReference; includeInIndex = 1; lastKnownFileType = text.xcconfig; name = "Pods-Movies.release.xcconfig"; path = "Pods/Target Support Files/Pods-Movies/Pods-Movies.release.xcconfig"; sourceTree = "<group>"; };
/* End PBXFileReference section */

/* Begin PBXFrameworksBuildPhase section */
		24B050EA217ACDC500F99F35 /* Frameworks */ = {
			isa = PBXFrameworksBuildPhase;
			buildActionMask = 2147483647;
			files = (
				5588DC2A133716776374B5C2 /* Pods_Movies.framework in Frameworks */,
			);
			runOnlyForDeploymentPostprocessing = 0;
		};
/* End PBXFrameworksBuildPhase section */

/* Begin PBXGroup section */
		24B050E4217ACDC500F99F35 = {
			isa = PBXGroup;
			children = (
				24B050EF217ACDC500F99F35 /* Movies */,
				24B050EE217ACDC500F99F35 /* Products */,
				8DEB607A5C139CE7527FA9B0 /* Pods */,
				E5A6DE4CDD4274FDF7A2AEC8 /* Frameworks */,
			);
			sourceTree = "<group>";
		};
		24B050EE217ACDC500F99F35 /* Products */ = {
			isa = PBXGroup;
			children = (
				24B050ED217ACDC500F99F35 /* Movies.app */,
			);
			name = Products;
			sourceTree = "<group>";
		};
		24B050EF217ACDC500F99F35 /* Movies */ = {
			isa = PBXGroup;
			children = (
				24B05112217ADADF00F99F35 /* System */,
				24B05120217AE43300F99F35 /* Extension */,
				24B0511B217AE1E000F99F35 /* Model */,
				24B0510F217ADA2B00F99F35 /* Services */,
				24B0510C217AD9A100F99F35 /* Protocol */,
				24B05104217AD0BD00F99F35 /* Scenes */,
				24B05102217AD05000F99F35 /* Storyboard */,
				24B05103217AD05900F99F35 /* Supporting Files */,
				24B050F7217ACDC600F99F35 /* Assets.xcassets */,
			);
			path = Movies;
			sourceTree = "<group>";
		};
		24B05102217AD05000F99F35 /* Storyboard */ = {
			isa = PBXGroup;
			children = (
				24B050F4217ACDC500F99F35 /* Main.storyboard */,
			);
			path = Storyboard;
			sourceTree = "<group>";
		};
		24B05103217AD05900F99F35 /* Supporting Files */ = {
			isa = PBXGroup;
			children = (
				24B050F0217ACDC500F99F35 /* AppDelegate.swift */,
				24B050F9217ACDC600F99F35 /* LaunchScreen.storyboard */,
				24B050FC217ACDC600F99F35 /* Info.plist */,
			);
			path = "Supporting Files";
			sourceTree = "<group>";
		};
		24B05104217AD0BD00F99F35 /* Scenes */ = {
			isa = PBXGroup;
			children = (
				24B05107217AD26800F99F35 /* Movies List */,
			);
			path = Scenes;
			sourceTree = "<group>";
		};
		24B05107217AD26800F99F35 /* Movies List */ = {
			isa = PBXGroup;
			children = (
				24B0511A217ADE7B00F99F35 /* View Controller */,
				24B05115217ADE5900F99F35 /* Movie Cell */,
			);
			path = "Movies List";
			sourceTree = "<group>";
		};
		24B0510C217AD9A100F99F35 /* Protocol */ = {
			isa = PBXGroup;
			children = (
				24B0510D217AD9CB00F99F35 /* Presenter.swift */,
			);
			path = Protocol;
			sourceTree = "<group>";
		};
		24B0510F217ADA2B00F99F35 /* Services */ = {
			isa = PBXGroup;
			children = (
				24B05110217ADA6200F99F35 /* NetworkManager.swift */,
				24B05125217AE67200F99F35 /* MovieNetwork.swift */,
				24B05127217AE6DA00F99F35 /* GenreNetwork.swift */,
			);
			path = Services;
			sourceTree = "<group>";
		};
		24B05112217ADADF00F99F35 /* System */ = {
			isa = PBXGroup;
			children = (
				24B05113217ADAE800F99F35 /* Settings.swift */,
			);
			path = System;
			sourceTree = "<group>";
		};
		24B05115217ADE5900F99F35 /* Movie Cell */ = {
			isa = PBXGroup;
			children = (
				24B05116217ADE7300F99F35 /* MovieListCell.swift */,
				24B05117217ADE7300F99F35 /* MovieListCell.xib */,
			);
			path = "Movie Cell";
			sourceTree = "<group>";
		};
		24B0511A217ADE7B00F99F35 /* View Controller */ = {
			isa = PBXGroup;
			children = (
				24B05105217AD24500F99F35 /* MoviesListViewController.swift */,
				24B05108217AD30000F99F35 /* MoviesListPresenter.swift */,
				24B0510A217AD31800F99F35 /* MoviesListView.swift */,
			);
			path = "View Controller";
			sourceTree = "<group>";
		};
		24B0511B217AE1E000F99F35 /* Model */ = {
			isa = PBXGroup;
			children = (
				24B0511E217AE20D00F99F35 /* Movie.swift */,
				24B05123217AE49E00F99F35 /* Genre.swift */,
			);
			path = Model;
			sourceTree = "<group>";
		};
		24B05120217AE43300F99F35 /* Extension */ = {
			isa = PBXGroup;
			children = (
				24B05121217AE44700F99F35 /* NSObject+Ext.swift */,
			);
			path = Extension;
			sourceTree = "<group>";
		};
		8DEB607A5C139CE7527FA9B0 /* Pods */ = {
			isa = PBXGroup;
			children = (
				2E37E5A0176ADE243448E683 /* Pods-Movies.debug.xcconfig */,
				D6C05BD89B4801BA0D359076 /* Pods-Movies.release.xcconfig */,
			);
			name = Pods;
			sourceTree = "<group>";
		};
		E5A6DE4CDD4274FDF7A2AEC8 /* Frameworks */ = {
			isa = PBXGroup;
			children = (
				A27D31A4CDD8434A089C8EF6 /* Pods_Movies.framework */,
			);
			name = Frameworks;
			sourceTree = "<group>";
		};
/* End PBXGroup section */

/* Begin PBXNativeTarget section */
		24B050EC217ACDC500F99F35 /* Movies */ = {
			isa = PBXNativeTarget;
			buildConfigurationList = 24B050FF217ACDC600F99F35 /* Build configuration list for PBXNativeTarget "Movies" */;
			buildPhases = (
				A6A09171B060F96D6E9832FB /* [CP] Check Pods Manifest.lock */,
				24B050E9217ACDC500F99F35 /* Sources */,
				24B050EA217ACDC500F99F35 /* Frameworks */,
				24B050EB217ACDC500F99F35 /* Resources */,
				D7F02066D570B71A0FEF982B /* [CP] Embed Pods Frameworks */,
			);
			buildRules = (
			);
			dependencies = (
			);
			name = Movies;
			productName = Movies;
			productReference = 24B050ED217ACDC500F99F35 /* Movies.app */;
			productType = "com.apple.product-type.application";
		};
/* End PBXNativeTarget section */

/* Begin PBXProject section */
		24B050E5217ACDC500F99F35 /* Project object */ = {
			isa = PBXProject;
			attributes = {
				LastSwiftUpdateCheck = 1000;
				LastUpgradeCheck = 1000;
				ORGANIZATIONNAME = AndreOta;
				TargetAttributes = {
					24B050EC217ACDC500F99F35 = {
						CreatedOnToolsVersion = 10.0;
					};
				};
			};
			buildConfigurationList = 24B050E8217ACDC500F99F35 /* Build configuration list for PBXProject "Movies" */;
			compatibilityVersion = "Xcode 9.3";
			developmentRegion = en;
			hasScannedForEncodings = 0;
			knownRegions = (
				en,
				Base,
			);
			mainGroup = 24B050E4217ACDC500F99F35;
			productRefGroup = 24B050EE217ACDC500F99F35 /* Products */;
			projectDirPath = "";
			projectRoot = "";
			targets = (
				24B050EC217ACDC500F99F35 /* Movies */,
			);
		};
/* End PBXProject section */

/* Begin PBXResourcesBuildPhase section */
		24B050EB217ACDC500F99F35 /* Resources */ = {
			isa = PBXResourcesBuildPhase;
			buildActionMask = 2147483647;
			files = (
				24B050FB217ACDC600F99F35 /* LaunchScreen.storyboard in Resources */,
				24B050F8217ACDC600F99F35 /* Assets.xcassets in Resources */,
				24B05119217ADE7300F99F35 /* MovieListCell.xib in Resources */,
				24B050F6217ACDC500F99F35 /* Main.storyboard in Resources */,
			);
			runOnlyForDeploymentPostprocessing = 0;
		};
/* End PBXResourcesBuildPhase section */

/* Begin PBXShellScriptBuildPhase section */
		A6A09171B060F96D6E9832FB /* [CP] Check Pods Manifest.lock */ = {
			isa = PBXShellScriptBuildPhase;
			buildActionMask = 2147483647;
			files = (
			);
			inputPaths = (
				"${PODS_PODFILE_DIR_PATH}/Podfile.lock",
				"${PODS_ROOT}/Manifest.lock",
			);
			name = "[CP] Check Pods Manifest.lock";
			outputPaths = (
				"$(DERIVED_FILE_DIR)/Pods-Movies-checkManifestLockResult.txt",
			);
			runOnlyForDeploymentPostprocessing = 0;
			shellPath = /bin/sh;
			shellScript = "diff \"${PODS_PODFILE_DIR_PATH}/Podfile.lock\" \"${PODS_ROOT}/Manifest.lock\" > /dev/null\nif [ $? != 0 ] ; then\n    # print error to STDERR\n    echo \"error: The sandbox is not in sync with the Podfile.lock. Run 'pod install' or update your CocoaPods installation.\" >&2\n    exit 1\nfi\n# This output is used by Xcode 'outputs' to avoid re-running this script phase.\necho \"SUCCESS\" > \"${SCRIPT_OUTPUT_FILE_0}\"\n";
			showEnvVarsInLog = 0;
		};
		D7F02066D570B71A0FEF982B /* [CP] Embed Pods Frameworks */ = {
			isa = PBXShellScriptBuildPhase;
			buildActionMask = 2147483647;
			files = (
			);
			inputPaths = (
				"${SRCROOT}/Pods/Target Support Files/Pods-Movies/Pods-Movies-frameworks.sh",
				"${BUILT_PRODUCTS_DIR}/Alamofire/Alamofire.framework",
			);
			name = "[CP] Embed Pods Frameworks";
			outputPaths = (
				"${TARGET_BUILD_DIR}/${FRAMEWORKS_FOLDER_PATH}/Alamofire.framework",
			);
			runOnlyForDeploymentPostprocessing = 0;
			shellPath = /bin/sh;
			shellScript = "\"${SRCROOT}/Pods/Target Support Files/Pods-Movies/Pods-Movies-frameworks.sh\"\n";
			showEnvVarsInLog = 0;
		};
/* End PBXShellScriptBuildPhase section */

/* Begin PBXSourcesBuildPhase section */
		24B050E9217ACDC500F99F35 /* Sources */ = {
			isa = PBXSourcesBuildPhase;
			buildActionMask = 2147483647;
			files = (
				24B05111217ADA6200F99F35 /* NetworkManager.swift in Sources */,
				24B05122217AE44700F99F35 /* NSObject+Ext.swift in Sources */,
				24B050F1217ACDC500F99F35 /* AppDelegate.swift in Sources */,
				24B05126217AE67200F99F35 /* MovieNetwork.swift in Sources */,
				24B05124217AE49E00F99F35 /* Genre.swift in Sources */,
				24B0511F217AE20D00F99F35 /* Movie.swift in Sources */,
				24B05128217AE6DA00F99F35 /* GenreNetwork.swift in Sources */,
				24B05118217ADE7300F99F35 /* MovieListCell.swift in Sources */,
				24B0510B217AD31800F99F35 /* MoviesListView.swift in Sources */,
				24B05106217AD24500F99F35 /* MoviesListViewController.swift in Sources */,
				24B05114217ADAE800F99F35 /* Settings.swift in Sources */,
				24B05109217AD30000F99F35 /* MoviesListPresenter.swift in Sources */,
				24B0510E217AD9CB00F99F35 /* Presenter.swift in Sources */,
			);
			runOnlyForDeploymentPostprocessing = 0;
		};
/* End PBXSourcesBuildPhase section */

/* Begin PBXVariantGroup section */
		24B050F4217ACDC500F99F35 /* Main.storyboard */ = {
			isa = PBXVariantGroup;
			children = (
				24B050F5217ACDC500F99F35 /* Base */,
			);
			name = Main.storyboard;
			sourceTree = "<group>";
		};
		24B050F9217ACDC600F99F35 /* LaunchScreen.storyboard */ = {
			isa = PBXVariantGroup;
			children = (
				24B050FA217ACDC600F99F35 /* Base */,
			);
			name = LaunchScreen.storyboard;
			sourceTree = "<group>";
		};
/* End PBXVariantGroup section */

/* Begin XCBuildConfiguration section */
		24B050FD217ACDC600F99F35 /* Debug */ = {
			isa = XCBuildConfiguration;
			buildSettings = {
				ALWAYS_SEARCH_USER_PATHS = NO;
				API_IMAGE_URL = "https://image.tmdb.org/t/p/";
				API_KEY = 669528e787877407318092c3131cc4d5;
				API_URL = "https://api.themoviedb.org/3/";
				CLANG_ANALYZER_NONNULL = YES;
				CLANG_ANALYZER_NUMBER_OBJECT_CONVERSION = YES_AGGRESSIVE;
				CLANG_CXX_LANGUAGE_STANDARD = "gnu++14";
				CLANG_CXX_LIBRARY = "libc++";
				CLANG_ENABLE_MODULES = YES;
				CLANG_ENABLE_OBJC_ARC = YES;
				CLANG_ENABLE_OBJC_WEAK = YES;
				CLANG_WARN_BLOCK_CAPTURE_AUTORELEASING = YES;
				CLANG_WARN_BOOL_CONVERSION = YES;
				CLANG_WARN_COMMA = YES;
				CLANG_WARN_CONSTANT_CONVERSION = YES;
				CLANG_WARN_DEPRECATED_OBJC_IMPLEMENTATIONS = YES;
				CLANG_WARN_DIRECT_OBJC_ISA_USAGE = YES_ERROR;
				CLANG_WARN_DOCUMENTATION_COMMENTS = YES;
				CLANG_WARN_EMPTY_BODY = YES;
				CLANG_WARN_ENUM_CONVERSION = YES;
				CLANG_WARN_INFINITE_RECURSION = YES;
				CLANG_WARN_INT_CONVERSION = YES;
				CLANG_WARN_NON_LITERAL_NULL_CONVERSION = YES;
				CLANG_WARN_OBJC_IMPLICIT_RETAIN_SELF = YES;
				CLANG_WARN_OBJC_LITERAL_CONVERSION = YES;
				CLANG_WARN_OBJC_ROOT_CLASS = YES_ERROR;
				CLANG_WARN_RANGE_LOOP_ANALYSIS = YES;
				CLANG_WARN_STRICT_PROTOTYPES = YES;
				CLANG_WARN_SUSPICIOUS_MOVE = YES;
				CLANG_WARN_UNGUARDED_AVAILABILITY = YES_AGGRESSIVE;
				CLANG_WARN_UNREACHABLE_CODE = YES;
				CLANG_WARN__DUPLICATE_METHOD_MATCH = YES;
				CODE_SIGN_IDENTITY = "iPhone Developer";
				COPY_PHASE_STRIP = NO;
				DEBUG_INFORMATION_FORMAT = dwarf;
				ENABLE_STRICT_OBJC_MSGSEND = YES;
				ENABLE_TESTABILITY = YES;
				GCC_C_LANGUAGE_STANDARD = gnu11;
				GCC_DYNAMIC_NO_PIC = NO;
				GCC_NO_COMMON_BLOCKS = YES;
				GCC_OPTIMIZATION_LEVEL = 0;
				GCC_PREPROCESSOR_DEFINITIONS = (
					"DEBUG=1",
					"$(inherited)",
				);
				GCC_WARN_64_TO_32_BIT_CONVERSION = YES;
				GCC_WARN_ABOUT_RETURN_TYPE = YES_ERROR;
				GCC_WARN_UNDECLARED_SELECTOR = YES;
				GCC_WARN_UNINITIALIZED_AUTOS = YES_AGGRESSIVE;
				GCC_WARN_UNUSED_FUNCTION = YES;
				GCC_WARN_UNUSED_VARIABLE = YES;
				IPHONEOS_DEPLOYMENT_TARGET = 12.0;
				MTL_ENABLE_DEBUG_INFO = INCLUDE_SOURCE;
				MTL_FAST_MATH = YES;
				ONLY_ACTIVE_ARCH = YES;
				SDKROOT = iphoneos;
				SWIFT_ACTIVE_COMPILATION_CONDITIONS = DEBUG;
				SWIFT_OPTIMIZATION_LEVEL = "-Onone";
			};
			name = Debug;
		};
		24B050FE217ACDC600F99F35 /* Release */ = {
			isa = XCBuildConfiguration;
			buildSettings = {
				ALWAYS_SEARCH_USER_PATHS = NO;
				API_IMAGE_URL = "https://image.tmdb.org/t/p/";
				API_KEY = 669528e787877407318092c3131cc4d5;
				API_URL = "https://api.themoviedb.org/3/";
				CLANG_ANALYZER_NONNULL = YES;
				CLANG_ANALYZER_NUMBER_OBJECT_CONVERSION = YES_AGGRESSIVE;
				CLANG_CXX_LANGUAGE_STANDARD = "gnu++14";
				CLANG_CXX_LIBRARY = "libc++";
				CLANG_ENABLE_MODULES = YES;
				CLANG_ENABLE_OBJC_ARC = YES;
				CLANG_ENABLE_OBJC_WEAK = YES;
				CLANG_WARN_BLOCK_CAPTURE_AUTORELEASING = YES;
				CLANG_WARN_BOOL_CONVERSION = YES;
				CLANG_WARN_COMMA = YES;
				CLANG_WARN_CONSTANT_CONVERSION = YES;
				CLANG_WARN_DEPRECATED_OBJC_IMPLEMENTATIONS = YES;
				CLANG_WARN_DIRECT_OBJC_ISA_USAGE = YES_ERROR;
				CLANG_WARN_DOCUMENTATION_COMMENTS = YES;
				CLANG_WARN_EMPTY_BODY = YES;
				CLANG_WARN_ENUM_CONVERSION = YES;
				CLANG_WARN_INFINITE_RECURSION = YES;
				CLANG_WARN_INT_CONVERSION = YES;
				CLANG_WARN_NON_LITERAL_NULL_CONVERSION = YES;
				CLANG_WARN_OBJC_IMPLICIT_RETAIN_SELF = YES;
				CLANG_WARN_OBJC_LITERAL_CONVERSION = YES;
				CLANG_WARN_OBJC_ROOT_CLASS = YES_ERROR;
				CLANG_WARN_RANGE_LOOP_ANALYSIS = YES;
				CLANG_WARN_STRICT_PROTOTYPES = YES;
				CLANG_WARN_SUSPICIOUS_MOVE = YES;
				CLANG_WARN_UNGUARDED_AVAILABILITY = YES_AGGRESSIVE;
				CLANG_WARN_UNREACHABLE_CODE = YES;
				CLANG_WARN__DUPLICATE_METHOD_MATCH = YES;
				CODE_SIGN_IDENTITY = "iPhone Developer";
				COPY_PHASE_STRIP = NO;
				DEBUG_INFORMATION_FORMAT = "dwarf-with-dsym";
				ENABLE_NS_ASSERTIONS = NO;
				ENABLE_STRICT_OBJC_MSGSEND = YES;
				GCC_C_LANGUAGE_STANDARD = gnu11;
				GCC_NO_COMMON_BLOCKS = YES;
				GCC_WARN_64_TO_32_BIT_CONVERSION = YES;
				GCC_WARN_ABOUT_RETURN_TYPE = YES_ERROR;
				GCC_WARN_UNDECLARED_SELECTOR = YES;
				GCC_WARN_UNINITIALIZED_AUTOS = YES_AGGRESSIVE;
				GCC_WARN_UNUSED_FUNCTION = YES;
				GCC_WARN_UNUSED_VARIABLE = YES;
				IPHONEOS_DEPLOYMENT_TARGET = 12.0;
				MTL_ENABLE_DEBUG_INFO = NO;
				MTL_FAST_MATH = YES;
				SDKROOT = iphoneos;
				SWIFT_COMPILATION_MODE = wholemodule;
				SWIFT_OPTIMIZATION_LEVEL = "-O";
				VALIDATE_PRODUCT = YES;
			};
			name = Release;
		};
		24B05100217ACDC600F99F35 /* Debug */ = {
			isa = XCBuildConfiguration;
			baseConfigurationReference = 2E37E5A0176ADE243448E683 /* Pods-Movies.debug.xcconfig */;
			buildSettings = {
				ASSETCATALOG_COMPILER_APPICON_NAME = AppIcon;
				CODE_SIGN_STYLE = Automatic;
				DEVELOPMENT_TEAM = TF42CLK79T;
				INFOPLIST_FILE = "$(SRCROOT)/Movies/Supporting Files/Info.plist";
				IPHONEOS_DEPLOYMENT_TARGET = 10.0;
				LD_RUNPATH_SEARCH_PATHS = (
					"$(inherited)",
					"@executable_path/Frameworks",
				);
				PRODUCT_BUNDLE_IDENTIFIER = com.br.andre.Movies;
				PRODUCT_NAME = "$(TARGET_NAME)";
				SWIFT_VERSION = 4.2;
				TARGETED_DEVICE_FAMILY = 1;
			};
			name = Debug;
		};
		24B05101217ACDC600F99F35 /* Release */ = {
			isa = XCBuildConfiguration;
			baseConfigurationReference = D6C05BD89B4801BA0D359076 /* Pods-Movies.release.xcconfig */;
			buildSettings = {
				ASSETCATALOG_COMPILER_APPICON_NAME = AppIcon;
				CODE_SIGN_STYLE = Automatic;
				DEVELOPMENT_TEAM = TF42CLK79T;
				INFOPLIST_FILE = "$(SRCROOT)/Movies/Supporting Files/Info.plist";
				IPHONEOS_DEPLOYMENT_TARGET = 10.0;
				LD_RUNPATH_SEARCH_PATHS = (
					"$(inherited)",
					"@executable_path/Frameworks",
				);
				PRODUCT_BUNDLE_IDENTIFIER = com.br.andre.Movies;
				PRODUCT_NAME = "$(TARGET_NAME)";
				SWIFT_VERSION = 4.2;
				TARGETED_DEVICE_FAMILY = 1;
			};
			name = Release;
		};
/* End XCBuildConfiguration section */

/* Begin XCConfigurationList section */
		24B050E8217ACDC500F99F35 /* Build configuration list for PBXProject "Movies" */ = {
			isa = XCConfigurationList;
			buildConfigurations = (
				24B050FD217ACDC600F99F35 /* Debug */,
				24B050FE217ACDC600F99F35 /* Release */,
			);
			defaultConfigurationIsVisible = 0;
			defaultConfigurationName = Release;
		};
		24B050FF217ACDC600F99F35 /* Build configuration list for PBXNativeTarget "Movies" */ = {
			isa = XCConfigurationList;
			buildConfigurations = (
				24B05100217ACDC600F99F35 /* Debug */,
				24B05101217ACDC600F99F35 /* Release */,
			);
			defaultConfigurationIsVisible = 0;
			defaultConfigurationName = Release;
		};
/* End XCConfigurationList section */
	};
	rootObject = 24B050E5217ACDC500F99F35 /* Project object */;
}
